
Microsoft Visual Studio Solution File, Format Version 12.00
# Visual Studio Version 17
VisualStudioVersion = 17.9.34728.123
MinimumVisualStudioVersion = 10.0.40219.1
Project("{FAE04EC0-301F-11D3-BF4B-00C04F79EFBC}") = "Project.Web", "Project.Web\Project.Web.csproj", "{03259471-8A38-4761-B1B6-5CA31F95E918}"
EndProject
Global
	GlobalSection(SolutionConfigurationPlatforms) = preSolution
		Debug|Any CPU = Debug|Any CPU
		Release|Any CPU = Release|Any CPU
	EndGlobalSection
	GlobalSection(ProjectConfigurationPlatforms) = postSolution
		{03259471-8A38-4761-B1B6-5CA31F95E918}.Debug|Any CPU.ActiveCfg = Debug|Any CPU
		{03259471-8A38-4761-B1B6-5CA31F95E918}.Debug|Any CPU.Build.0 = Debug|Any CPU
		{03259471-8A38-4761-B1B6-5CA31F95E918}.Release|Any CPU.ActiveCfg = Release|Any CPU
		{03259471-8A38-4761-B1B6-5CA31F95E918}.Release|Any CPU.Build.0 = Release|Any CPU
	EndGlobalSection
	GlobalSection(SolutionProperties) = preSolution
		HideSolutionNode = FALSE
	EndGlobalSection
	GlobalSection(ExtensibilityGlobals) = postSolution
		SolutionGuid = {A78A113C-B562-46EE-A3AE-E6B2B4B250AB}
	EndGlobalSection
EndGlobal
